
Microsoft Visual Studio Solution File, Format Version 12.00
# Visual Studio 15
VisualStudioVersion = 15.0.27130.2027
MinimumVisualStudioVersion = 10.0.40219.1
Project("{FAE04EC0-301F-11D3-BF4B-00C04F79EFBC}") = "GraphGUI", "AdjecencyGUI\GraphGUI.csproj", "{95C74C8F-A426-4AF3-AF3D-ACD7C2188747}"
EndProject
Project("{FAE04EC0-301F-11D3-BF4B-00C04F79EFBC}") = "GraphLibrary", "GraphLibrary\GraphLibrary.csproj", "{80B9A13D-9E47-4803-A21C-CF6B8E95921C}"
EndProject
Global
	GlobalSection(SolutionConfigurationPlatforms) = preSolution
		Debug|Any CPU = Debug|Any CPU
		Release|Any CPU = Release|Any CPU
	EndGlobalSection
	GlobalSection(ProjectConfigurationPlatforms) = postSolution
		{95C74C8F-A426-4AF3-AF3D-ACD7C2188747}.Debug|Any CPU.ActiveCfg = Debug|Any CPU
		{95C74C8F-A426-4AF3-AF3D-ACD7C2188747}.Debug|Any CPU.Build.0 = Debug|Any CPU
		{95C74C8F-A426-4AF3-AF3D-ACD7C2188747}.Release|Any CPU.ActiveCfg = Release|Any CPU
		{95C74C8F-A426-4AF3-AF3D-ACD7C2188747}.Release|Any CPU.Build.0 = Release|Any CPU
		{80B9A13D-9E47-4803-A21C-CF6B8E95921C}.Debug|Any CPU.ActiveCfg = Debug|Any CPU
		{80B9A13D-9E47-4803-A21C-CF6B8E95921C}.Debug|Any CPU.Build.0 = Debug|Any CPU
		{80B9A13D-9E47-4803-A21C-CF6B8E95921C}.Release|Any CPU.ActiveCfg = Release|Any CPU
		{80B9A13D-9E47-4803-A21C-CF6B8E95921C}.Release|Any CPU.Build.0 = Release|Any CPU
	EndGlobalSection
	GlobalSection(SolutionProperties) = preSolution
		HideSolutionNode = FALSE
	EndGlobalSection
	GlobalSection(ExtensibilityGlobals) = postSolution
		SolutionGuid = {26E67D9B-BE2A-448D-9268-1D5E29914043}
	EndGlobalSection
EndGlobal
